# This file was autogenerated by Stack.
# You should not edit this file by hand.
# For more information, please see the documentation at:
#   https://docs.haskellstack.org/en/stable/lock_files

packages: []
snapshots:
- completed:
    size: 484709
    url: https://raw.githubusercontent.com/commercialhaskell/stackage-snapshots/master/nightly/2020/2/13.yaml
    sha256: 203c243328602beab34ab85e964e09b41dcbaec55ad75ff6627ed3b9450d2f82
  original: nightly-2020-02-13
